
Microsoft Visual Studio Solution File, Format Version 12.00
# Visual Studio Version 17
VisualStudioVersion = 17.5.33516.290
MinimumVisualStudioVersion = 10.0.40219.1
Project("{FAE04EC0-301F-11D3-BF4B-00C04F79EFBC}") = "ExercicioLista - Employees", "ExercicioLista - Employees\ExercicioLista - Employees.csproj", "{EC27B47D-33EA-4315-9E8F-0DBD34880B36}"
EndProject
Global
	GlobalSection(SolutionConfigurationPlatforms) = preSolution
		Debug|Any CPU = Debug|Any CPU
		Release|Any CPU = Release|Any CPU
	EndGlobalSection
	GlobalSection(ProjectConfigurationPlatforms) = postSolution
		{EC27B47D-33EA-4315-9E8F-0DBD34880B36}.Debug|Any CPU.ActiveCfg = Debug|Any CPU
		{EC27B47D-33EA-4315-9E8F-0DBD34880B36}.Debug|Any CPU.Build.0 = Debug|Any CPU
		{EC27B47D-33EA-4315-9E8F-0DBD34880B36}.Release|Any CPU.ActiveCfg = Release|Any CPU
		{EC27B47D-33EA-4315-9E8F-0DBD34880B36}.Release|Any CPU.Build.0 = Release|Any CPU
	EndGlobalSection
	GlobalSection(SolutionProperties) = preSolution
		HideSolutionNode = FALSE
	EndGlobalSection
	GlobalSection(ExtensibilityGlobals) = postSolution
		SolutionGuid = {86006A51-3D74-4B29-91EA-8A7A80789B86}
	EndGlobalSection
EndGlobal
